
Microsoft Visual Studio Solution File, Format Version 12.00
# Visual Studio Version 17
VisualStudioVersion = 17.3.32519.111
MinimumVisualStudioVersion = 10.0.40219.1
Project("{9A19103F-16F7-4668-BE54-9A1E7A4F7556}") = "krecikthegame", "krecikthegame\krecikthegame.csproj", "{A8C63A0F-1834-4B00-9DEB-0C0211A38AC9}"
EndProject
Project("{9A19103F-16F7-4668-BE54-9A1E7A4F7556}") = "Krecik Console Utilities", "Krecik Console Utilities\Krecik Console Utilities.csproj", "{064F172B-B7B4-438A-9790-3540741B9629}"
EndProject
Project("{FAE04EC0-301F-11D3-BF4B-00C04F79EFBC}") = "ObjectEditor", "ObjectEditor\ObjectEditor.csproj", "{F64DD040-03F1-4217-B0ED-919D9A59E378}"
EndProject
Global
	GlobalSection(SolutionConfigurationPlatforms) = preSolution
		Debug|Any CPU = Debug|Any CPU
		Release|Any CPU = Release|Any CPU
	EndGlobalSection
	GlobalSection(ProjectConfigurationPlatforms) = postSolution
		{A8C63A0F-1834-4B00-9DEB-0C0211A38AC9}.Debug|Any CPU.ActiveCfg = Debug|Any CPU
		{A8C63A0F-1834-4B00-9DEB-0C0211A38AC9}.Debug|Any CPU.Build.0 = Debug|Any CPU
		{A8C63A0F-1834-4B00-9DEB-0C0211A38AC9}.Release|Any CPU.ActiveCfg = Release|Any CPU
		{A8C63A0F-1834-4B00-9DEB-0C0211A38AC9}.Release|Any CPU.Build.0 = Release|Any CPU
		{064F172B-B7B4-438A-9790-3540741B9629}.Debug|Any CPU.ActiveCfg = Debug|Any CPU
		{064F172B-B7B4-438A-9790-3540741B9629}.Debug|Any CPU.Build.0 = Debug|Any CPU
		{064F172B-B7B4-438A-9790-3540741B9629}.Release|Any CPU.ActiveCfg = Release|Any CPU
		{064F172B-B7B4-438A-9790-3540741B9629}.Release|Any CPU.Build.0 = Release|Any CPU
		{F64DD040-03F1-4217-B0ED-919D9A59E378}.Debug|Any CPU.ActiveCfg = Debug|Any CPU
		{F64DD040-03F1-4217-B0ED-919D9A59E378}.Debug|Any CPU.Build.0 = Debug|Any CPU
		{F64DD040-03F1-4217-B0ED-919D9A59E378}.Release|Any CPU.ActiveCfg = Release|Any CPU
		{F64DD040-03F1-4217-B0ED-919D9A59E378}.Release|Any CPU.Build.0 = Release|Any CPU
	EndGlobalSection
	GlobalSection(SolutionProperties) = preSolution
		HideSolutionNode = FALSE
	EndGlobalSection
	GlobalSection(ExtensibilityGlobals) = postSolution
		SolutionGuid = {6BBD4404-BF8F-400B-99E1-7DCFFD67A50B}
	EndGlobalSection
EndGlobal
